
Microsoft Visual Studio Solution File, Format Version 12.00
# Visual Studio Version 16
VisualStudioVersion = 16.0.31702.278
MinimumVisualStudioVersion = 10.0.40219.1
Project("{FAE04EC0-301F-11D3-BF4B-00C04F79EFBC}") = "Conversie_baze_2-16_v2", "Conversie_baze_2-16_v2\Conversie_baze_2-16_v2.csproj", "{C49E1B5E-09A8-43E4-BE3C-A5017595536E}"
EndProject
Global
	GlobalSection(SolutionConfigurationPlatforms) = preSolution
		Debug|Any CPU = Debug|Any CPU
		Release|Any CPU = Release|Any CPU
	EndGlobalSection
	GlobalSection(ProjectConfigurationPlatforms) = postSolution
		{C49E1B5E-09A8-43E4-BE3C-A5017595536E}.Debug|Any CPU.ActiveCfg = Debug|Any CPU
		{C49E1B5E-09A8-43E4-BE3C-A5017595536E}.Debug|Any CPU.Build.0 = Debug|Any CPU
		{C49E1B5E-09A8-43E4-BE3C-A5017595536E}.Release|Any CPU.ActiveCfg = Release|Any CPU
		{C49E1B5E-09A8-43E4-BE3C-A5017595536E}.Release|Any CPU.Build.0 = Release|Any CPU
	EndGlobalSection
	GlobalSection(SolutionProperties) = preSolution
		HideSolutionNode = FALSE
	EndGlobalSection
	GlobalSection(ExtensibilityGlobals) = postSolution
		SolutionGuid = {D1058DE3-280F-430A-9E4B-270D33C8D35A}
	EndGlobalSection
EndGlobal
